// !$*UTF8*$!
{
	archiveVersion = 1;
	classes = {
	};
	objectVersion = 55;
	objects = {

/* Begin PBXBuildFile section */
		C44C389326F8DDB1002DAECE /* AppDelegate.swift in Sources */ = {isa = PBXBuildFile; fileRef = C44C389226F8DDB1002DAECE /* AppDelegate.swift */; };
		C44C389526F8DDB1002DAECE /* SceneDelegate.swift in Sources */ = {isa = PBXBuildFile; fileRef = C44C389426F8DDB1002DAECE /* SceneDelegate.swift */; };
		C44C389726F8DDB1002DAECE /* ViewController.swift in Sources */ = {isa = PBXBuildFile; fileRef = C44C389626F8DDB1002DAECE /* ViewController.swift */; };
		C44C389A26F8DDB1002DAECE /* Main.storyboard in Resources */ = {isa = PBXBuildFile; fileRef = C44C389826F8DDB1002DAECE /* Main.storyboard */; };
		C44C389C26F8DDB4002DAECE /* Assets.xcassets in Resources */ = {isa = PBXBuildFile; fileRef = C44C389B26F8DDB4002DAECE /* Assets.xcassets */; };
		C44C389F26F8DDB4002DAECE /* LaunchScreen.storyboard in Resources */ = {isa = PBXBuildFile; fileRef = C44C389D26F8DDB4002DAECE /* LaunchScreen.storyboard */; };
		C44C38A726F8DE08002DAECE /* FilterViewController.swift in Sources */ = {isa = PBXBuildFile; fileRef = C44C38A626F8DE08002DAECE /* FilterViewController.swift */; };
		C44C38A926F90453002DAECE /* APICaller.swift in Sources */ = {isa = PBXBuildFile; fileRef = C44C38A826F90453002DAECE /* APICaller.swift */; };
		E044DF2310D5598E5DC421CA /* Pods_CovidTracker.framework in Frameworks */ = {isa = PBXBuildFile; fileRef = 3EEFF6E59FE2AD2149EEE229 /* Pods_CovidTracker.framework */; };
/* End PBXBuildFile section */

/* Begin PBXFileReference section */
		06313D73225E452AB21C63E9 /* Pods-CovidTracker.release.xcconfig */ = {isa = PBXFileReference; includeInIndex = 1; lastKnownFileType = text.xcconfig; name = "Pods-CovidTracker.release.xcconfig"; path = "Target Support Files/Pods-CovidTracker/Pods-CovidTracker.release.xcconfig"; sourceTree = "<group>"; };
		3EEFF6E59FE2AD2149EEE229 /* Pods_CovidTracker.framework */ = {isa = PBXFileReference; explicitFileType = wrapper.framework; includeInIndex = 0; path = Pods_CovidTracker.framework; sourceTree = BUILT_PRODUCTS_DIR; };
		A9D0B76BC973CEC5530BDA5A /* Pods-CovidTracker.debug.xcconfig */ = {isa = PBXFileReference; includeInIndex = 1; lastKnownFileType = text.xcconfig; name = "Pods-CovidTracker.debug.xcconfig"; path = "Target Support Files/Pods-CovidTracker/Pods-CovidTracker.debug.xcconfig"; sourceTree = "<group>"; };
		C44C388F26F8DDB1002DAECE /* CovidTracker.app */ = {isa = PBXFileReference; explicitFileType = wrapper.application; includeInIndex = 0; path = CovidTracker.app; sourceTree = BUILT_PRODUCTS_DIR; };
		C44C389226F8DDB1002DAECE /* AppDelegate.swift */ = {isa = PBXFileReference; lastKnownFileType = sourcecode.swift; path = AppDelegate.swift; sourceTree = "<group>"; };
		C44C389426F8DDB1002DAECE /* SceneDelegate.swift */ = {isa = PBXFileReference; lastKnownFileType = sourcecode.swift; path = SceneDelegate.swift; sourceTree = "<group>"; };
		C44C389626F8DDB1002DAECE /* ViewController.swift */ = {isa = PBXFileReference; lastKnownFileType = sourcecode.swift; path = ViewController.swift; sourceTree = "<group>"; };
		C44C389926F8DDB1002DAECE /* Base */ = {isa = PBXFileReference; lastKnownFileType = file.storyboard; name = Base; path = Base.lproj/Main.storyboard; sourceTree = "<group>"; };
		C44C389B26F8DDB4002DAECE /* Assets.xcassets */ = {isa = PBXFileReference; lastKnownFileType = folder.assetcatalog; path = Assets.xcassets; sourceTree = "<group>"; };
		C44C389E26F8DDB4002DAECE /* Base */ = {isa = PBXFileReference; lastKnownFileType = file.storyboard; name = Base; path = Base.lproj/LaunchScreen.storyboard; sourceTree = "<group>"; };
		C44C38A026F8DDB4002DAECE /* Info.plist */ = {isa = PBXFileReference; lastKnownFileType = text.plist.xml; path = Info.plist; sourceTree = "<group>"; };
		C44C38A626F8DE08002DAECE /* FilterViewController.swift */ = {isa = PBXFileReference; lastKnownFileType = sourcecode.swift; path = FilterViewController.swift; sourceTree = "<group>"; };
		C44C38A826F90453002DAECE /* APICaller.swift */ = {isa = PBXFileReference; lastKnownFileType = sourcecode.swift; path = APICaller.swift; sourceTree = "<group>"; };
/* End PBXFileReference section */

/* Begin PBXFrameworksBuildPhase section */
		C44C388C26F8DDB1002DAECE /* Frameworks */ = {
			isa = PBXFrameworksBuildPhase;
			buildActionMask = 2147483647;
			files = (
				E044DF2310D5598E5DC421CA /* Pods_CovidTracker.framework in Frameworks */,
			);
			runOnlyForDeploymentPostprocessing = 0;
		};
/* End PBXFrameworksBuildPhase section */

/* Begin PBXGroup section */
		6E98214DDC8744DB150D3D0D /* Pods */ = {
			isa = PBXGroup;
			children = (
				A9D0B76BC973CEC5530BDA5A /* Pods-CovidTracker.debug.xcconfig */,
				06313D73225E452AB21C63E9 /* Pods-CovidTracker.release.xcconfig */,
			);
			name = Pods;
			path = Pods;
			sourceTree = "<group>";
		};
		975EFE42AC95DE052923B285 /* Frameworks */ = {
			isa = PBXGroup;
			children = (
				3EEFF6E59FE2AD2149EEE229 /* Pods_CovidTracker.framework */,
			);
			name = Frameworks;
			sourceTree = "<group>";
		};
		C44C388626F8DDB1002DAECE = {
			isa = PBXGroup;
			children = (
				C44C389126F8DDB1002DAECE /* CovidTracker */,
				C44C389026F8DDB1002DAECE /* Products */,
				6E98214DDC8744DB150D3D0D /* Pods */,
				975EFE42AC95DE052923B285 /* Frameworks */,
			);
			sourceTree = "<group>";
		};
		C44C389026F8DDB1002DAECE /* Products */ = {
			isa = PBXGroup;
			children = (
				C44C388F26F8DDB1002DAECE /* CovidTracker.app */,
			);
			name = Products;
			sourceTree = "<group>";
		};
		C44C389126F8DDB1002DAECE /* CovidTracker */ = {
			isa = PBXGroup;
			children = (
				C44C389226F8DDB1002DAECE /* AppDelegate.swift */,
				C44C389426F8DDB1002DAECE /* SceneDelegate.swift */,
				C44C38A626F8DE08002DAECE /* FilterViewController.swift */,
				C44C389626F8DDB1002DAECE /* ViewController.swift */,
				C44C38A826F90453002DAECE /* APICaller.swift */,
				C44C389B26F8DDB4002DAECE /* Assets.xcassets */,
				C44C389826F8DDB1002DAECE /* Main.storyboard */,
				C44C389D26F8DDB4002DAECE /* LaunchScreen.storyboard */,
				C44C38A026F8DDB4002DAECE /* Info.plist */,
			);
			path = CovidTracker;
			sourceTree = "<group>";
		};
/* End PBXGroup section */

/* Begin PBXNativeTarget section */
		C44C388E26F8DDB1002DAECE /* CovidTracker */ = {
			isa = PBXNativeTarget;
			buildConfigurationList = C44C38A326F8DDB4002DAECE /* Build configuration list for PBXNativeTarget "CovidTracker" */;
			buildPhases = (
				E96A336ECC540F3B0C653B1E /* [CP] Check Pods Manifest.lock */,
				C44C388B26F8DDB1002DAECE /* Sources */,
				C44C388C26F8DDB1002DAECE /* Frameworks */,
				C44C388D26F8DDB1002DAECE /* Resources */,
				46D22D3BC011248130E9409B /* [CP] Embed Pods Frameworks */,
			);
			buildRules = (
			);
			dependencies = (
			);
			name = CovidTracker;
			productName = CovidTracker;
			productReference = C44C388F26F8DDB1002DAECE /* CovidTracker.app */;
			productType = "com.apple.product-type.application";
		};
/* End PBXNativeTarget section */

/* Begin PBXProject section */
		C44C388726F8DDB1002DAECE /* Project object */ = {
			isa = PBXProject;
			attributes = {
				BuildIndependentTargetsInParallel = 1;
				LastSwiftUpdateCheck = 1300;
				LastUpgradeCheck = 1300;
				TargetAttributes = {
					C44C388E26F8DDB1002DAECE = {
						CreatedOnToolsVersion = 13.0;
					};
				};
			};
			buildConfigurationList = C44C388A26F8DDB1002DAECE /* Build configuration list for PBXProject "CovidTracker" */;
			compatibilityVersion = "Xcode 13.0";
			developmentRegion = en;
			hasScannedForEncodings = 0;
			knownRegions = (
				en,
				Base,
			);
			mainGroup = C44C388626F8DDB1002DAECE;
			packageReferences = (
				C44C38D026FA7359002DAECE /* XCRemoteSwiftPackageReference "Charts" */,
			);
			productRefGroup = C44C389026F8DDB1002DAECE /* Products */;
			projectDirPath = "";
			projectRoot = "";
			targets = (
				C44C388E26F8DDB1002DAECE /* CovidTracker */,
			);
		};
/* End PBXProject section */

/* Begin PBXResourcesBuildPhase section */
		C44C388D26F8DDB1002DAECE /* Resources */ = {
			isa = PBXResourcesBuildPhase;
			buildActionMask = 2147483647;
			files = (
				C44C389F26F8DDB4002DAECE /* LaunchScreen.storyboard in Resources */,
				C44C389C26F8DDB4002DAECE /* Assets.xcassets in Resources */,
				C44C389A26F8DDB1002DAECE /* Main.storyboard in Resources */,
			);
			runOnlyForDeploymentPostprocessing = 0;
		};
/* End PBXResourcesBuildPhase section */

/* Begin PBXShellScriptBuildPhase section */
		46D22D3BC011248130E9409B /* [CP] Embed Pods Frameworks */ = {
			isa = PBXShellScriptBuildPhase;
			buildActionMask = 2147483647;
			files = (
			);
			inputFileListPaths = (
				"${PODS_ROOT}/Target Support Files/Pods-CovidTracker/Pods-CovidTracker-frameworks-${CONFIGURATION}-input-files.xcfilelist",
			);
			name = "[CP] Embed Pods Frameworks";
			outputFileListPaths = (
				"${PODS_ROOT}/Target Support Files/Pods-CovidTracker/Pods-CovidTracker-frameworks-${CONFIGURATION}-output-files.xcfilelist",
			);
			runOnlyForDeploymentPostprocessing = 0;
			shellPath = /bin/sh;
			shellScript = "\"${PODS_ROOT}/Target Support Files/Pods-CovidTracker/Pods-CovidTracker-frameworks.sh\"\n";
			showEnvVarsInLog = 0;
		};
		E96A336ECC540F3B0C653B1E /* [CP] Check Pods Manifest.lock */ = {
			isa = PBXShellScriptBuildPhase;
			buildActionMask = 2147483647;
			files = (
			);
			inputFileListPaths = (
			);
			inputPaths = (
				"${PODS_PODFILE_DIR_PATH}/Podfile.lock",
				"${PODS_ROOT}/Manifest.lock",
			);
			name = "[CP] Check Pods Manifest.lock";
			outputFileListPaths = (
			);
			outputPaths = (
				"$(DERIVED_FILE_DIR)/Pods-CovidTracker-checkManifestLockResult.txt",
			);
			runOnlyForDeploymentPostprocessing = 0;
			shellPath = /bin/sh;
			shellScript = "diff \"${PODS_PODFILE_DIR_PATH}/Podfile.lock\" \"${PODS_ROOT}/Manifest.lock\" > /dev/null\nif [ $? != 0 ] ; then\n    # print error to STDERR\n    echo \"error: The sandbox is not in sync with the Podfile.lock. Run 'pod install' or update your CocoaPods installation.\" >&2\n    exit 1\nfi\n# This output is used by Xcode 'outputs' to avoid re-running this script phase.\necho \"SUCCESS\" > \"${SCRIPT_OUTPUT_FILE_0}\"\n";
			showEnvVarsInLog = 0;
		};
/* End PBXShellScriptBuildPhase section */

/* Begin PBXSourcesBuildPhase section */
		C44C388B26F8DDB1002DAECE /* Sources */ = {
			isa = PBXSourcesBuildPhase;
			buildActionMask = 2147483647;
			files = (
				C44C389726F8DDB1002DAECE /* ViewController.swift in Sources */,
				C44C389326F8DDB1002DAECE /* AppDelegate.swift in Sources */,
				C44C38A726F8DE08002DAECE /* FilterViewController.swift in Sources */,
				C44C389526F8DDB1002DAECE /* SceneDelegate.swift in Sources */,
				C44C38A926F90453002DAECE /* APICaller.swift in Sources */,
			);
			runOnlyForDeploymentPostprocessing = 0;
		};
/* End PBXSourcesBuildPhase section */

/* Begin PBXVariantGroup section */
		C44C389826F8DDB1002DAECE /* Main.storyboard */ = {
			isa = PBXVariantGroup;
			children = (
				C44C389926F8DDB1002DAECE /* Base */,
			);
			name = Main.storyboard;
			sourceTree = "<group>";
		};
		C44C389D26F8DDB4002DAECE /* LaunchScreen.storyboard */ = {
			isa = PBXVariantGroup;
			children = (
				C44C389E26F8DDB4002DAECE /* Base */,
			);
			name = LaunchScreen.storyboard;
			sourceTree = "<group>";
		};
/* End PBXVariantGroup section */

/* Begin XCBuildConfiguration section */
		C44C38A126F8DDB4002DAECE /* Debug */ = {
			isa = XCBuildConfiguration;
			buildSettings = {
				ALWAYS_SEARCH_USER_PATHS = NO;
				CLANG_ANALYZER_NONNULL = YES;
				CLANG_ANALYZER_NUMBER_OBJECT_CONVERSION = YES_AGGRESSIVE;
				CLANG_CXX_LANGUAGE_STANDARD = "gnu++17";
				CLANG_CXX_LIBRARY = "libc++";
				CLANG_ENABLE_MODULES = YES;
				CLANG_ENABLE_OBJC_ARC = YES;
				CLANG_ENABLE_OBJC_WEAK = YES;
				CLANG_WARN_BLOCK_CAPTURE_AUTORELEASING = YES;
				CLANG_WARN_BOOL_CONVERSION = YES;
				CLANG_WARN_COMMA = YES;
				CLANG_WARN_CONSTANT_CONVERSION = YES;
				CLANG_WARN_DEPRECATED_OBJC_IMPLEMENTATIONS = YES;
				CLANG_WARN_DIRECT_OBJC_ISA_USAGE = YES_ERROR;
				CLANG_WARN_DOCUMENTATION_COMMENTS = YES;
				CLANG_WARN_EMPTY_BODY = YES;
				CLANG_WARN_ENUM_CONVERSION = YES;
				CLANG_WARN_INFINITE_RECURSION = YES;
				CLANG_WARN_INT_CONVERSION = YES;
				CLANG_WARN_NON_LITERAL_NULL_CONVERSION = YES;
				CLANG_WARN_OBJC_IMPLICIT_RETAIN_SELF = YES;
				CLANG_WARN_OBJC_LITERAL_CONVERSION = YES;
				CLANG_WARN_OBJC_ROOT_CLASS = YES_ERROR;
				CLANG_WARN_QUOTED_INCLUDE_IN_FRAMEWORK_HEADER = YES;
				CLANG_WARN_RANGE_LOOP_ANALYSIS = YES;
				CLANG_WARN_STRICT_PROTOTYPES = YES;
				CLANG_WARN_SUSPICIOUS_MOVE = YES;
				CLANG_WARN_UNGUARDED_AVAILABILITY = YES_AGGRESSIVE;
				CLANG_WARN_UNREACHABLE_CODE = YES;
				CLANG_WARN__DUPLICATE_METHOD_MATCH = YES;
				COPY_PHASE_STRIP = NO;
				DEBUG_INFORMATION_FORMAT = dwarf;
				ENABLE_STRICT_OBJC_MSGSEND = YES;
				ENABLE_TESTABILITY = YES;
				GCC_C_LANGUAGE_STANDARD = gnu11;
				GCC_DYNAMIC_NO_PIC = NO;
				GCC_NO_COMMON_BLOCKS = YES;
				GCC_OPTIMIZATION_LEVEL = 0;
				GCC_PREPROCESSOR_DEFINITIONS = (
					"DEBUG=1",
					"$(inherited)",
				);
				GCC_WARN_64_TO_32_BIT_CONVERSION = YES;
				GCC_WARN_ABOUT_RETURN_TYPE = YES_ERROR;
				GCC_WARN_UNDECLARED_SELECTOR = YES;
				GCC_WARN_UNINITIALIZED_AUTOS = YES_AGGRESSIVE;
				GCC_WARN_UNUSED_FUNCTION = YES;
				GCC_WARN_UNUSED_VARIABLE = YES;
				IPHONEOS_DEPLOYMENT_TARGET = 14.4;
				MTL_ENABLE_DEBUG_INFO = INCLUDE_SOURCE;
				MTL_FAST_MATH = YES;
				ONLY_ACTIVE_ARCH = YES;
				SDKROOT = iphoneos;
				SWIFT_ACTIVE_COMPILATION_CONDITIONS = DEBUG;
				SWIFT_OPTIMIZATION_LEVEL = "-Onone";
			};
			name = Debug;
		};
		C44C38A226F8DDB4002DAECE /* Release */ = {
			isa = XCBuildConfiguration;
			buildSettings = {
				ALWAYS_SEARCH_USER_PATHS = NO;
				CLANG_ANALYZER_NONNULL = YES;
				CLANG_ANALYZER_NUMBER_OBJECT_CONVERSION = YES_AGGRESSIVE;
				CLANG_CXX_LANGUAGE_STANDARD = "gnu++17";
				CLANG_CXX_LIBRARY = "libc++";
				CLANG_ENABLE_MODULES = YES;
				CLANG_ENABLE_OBJC_ARC = YES;
				CLANG_ENABLE_OBJC_WEAK = YES;
				CLANG_WARN_BLOCK_CAPTURE_AUTORELEASING = YES;
				CLANG_WARN_BOOL_CONVERSION = YES;
				CLANG_WARN_COMMA = YES;
				CLANG_WARN_CONSTANT_CONVERSION = YES;
				CLANG_WARN_DEPRECATED_OBJC_IMPLEMENTATIONS = YES;
				CLANG_WARN_DIRECT_OBJC_ISA_USAGE = YES_ERROR;
				CLANG_WARN_DOCUMENTATION_COMMENTS = YES;
				CLANG_WARN_EMPTY_BODY = YES;
				CLANG_WARN_ENUM_CONVERSION = YES;
				CLANG_WARN_INFINITE_RECURSION = YES;
				CLANG_WARN_INT_CONVERSION = YES;
				CLANG_WARN_NON_LITERAL_NULL_CONVERSION = YES;
				CLANG_WARN_OBJC_IMPLICIT_RETAIN_SELF = YES;
				CLANG_WARN_OBJC_LITERAL_CONVERSION = YES;
				CLANG_WARN_OBJC_ROOT_CLASS = YES_ERROR;
				CLANG_WARN_QUOTED_INCLUDE_IN_FRAMEWORK_HEADER = YES;
				CLANG_WARN_RANGE_LOOP_ANALYSIS = YES;
				CLANG_WARN_STRICT_PROTOTYPES = YES;
				CLANG_WARN_SUSPICIOUS_MOVE = YES;
				CLANG_WARN_UNGUARDED_AVAILABILITY = YES_AGGRESSIVE;
				CLANG_WARN_UNREACHABLE_CODE = YES;
				CLANG_WARN__DUPLICATE_METHOD_MATCH = YES;
				COPY_PHASE_STRIP = NO;
				DEBUG_INFORMATION_FORMAT = "dwarf-with-dsym";
				ENABLE_NS_ASSERTIONS = NO;
				ENABLE_STRICT_OBJC_MSGSEND = YES;
				GCC_C_LANGUAGE_STANDARD = gnu11;
				GCC_NO_COMMON_BLOCKS = YES;
				GCC_WARN_64_TO_32_BIT_CONVERSION = YES;
				GCC_WARN_ABOUT_RETURN_TYPE = YES_ERROR;
				GCC_WARN_UNDECLARED_SELECTOR = YES;
				GCC_WARN_UNINITIALIZED_AUTOS = YES_AGGRESSIVE;
				GCC_WARN_UNUSED_FUNCTION = YES;
				GCC_WARN_UNUSED_VARIABLE = YES;
				IPHONEOS_DEPLOYMENT_TARGET = 14.4;
				MTL_ENABLE_DEBUG_INFO = NO;
				MTL_FAST_MATH = YES;
				SDKROOT = iphoneos;
				SWIFT_COMPILATION_MODE = wholemodule;
				SWIFT_OPTIMIZATION_LEVEL = "-O";
				VALIDATE_PRODUCT = YES;
			};
			name = Release;
		};
		C44C38A426F8DDB4002DAECE /* Debug */ = {
			isa = XCBuildConfiguration;
			baseConfigurationReference = A9D0B76BC973CEC5530BDA5A /* Pods-CovidTracker.debug.xcconfig */;
			buildSettings = {
				ASSETCATALOG_COMPILER_APPICON_NAME = AppIcon;
				ASSETCATALOG_COMPILER_GLOBAL_ACCENT_COLOR_NAME = AccentColor;
				CODE_SIGN_STYLE = Automatic;
				CURRENT_PROJECT_VERSION = 1;
				GENERATE_INFOPLIST_FILE = YES;
				INFOPLIST_FILE = CovidTracker/Info.plist;
				INFOPLIST_KEY_UIApplicationSupportsIndirectInputEvents = YES;
				INFOPLIST_KEY_UILaunchStoryboardName = LaunchScreen;
				INFOPLIST_KEY_UIMainStoryboardFile = Main;
				INFOPLIST_KEY_UISupportedInterfaceOrientations_iPad = "UIInterfaceOrientationPortrait UIInterfaceOrientationPortraitUpsideDown UIInterfaceOrientationLandscapeLeft UIInterfaceOrientationLandscapeRight";
				INFOPLIST_KEY_UISupportedInterfaceOrientations_iPhone = "UIInterfaceOrientationPortrait UIInterfaceOrientationLandscapeLeft UIInterfaceOrientationLandscapeRight";
				IPHONEOS_DEPLOYMENT_TARGET = 14.4;
				LD_RUNPATH_SEARCH_PATHS = (
					"$(inherited)",
					"@executable_path/Frameworks",
				);
				MARKETING_VERSION = 1.0;
				PRODUCT_BUNDLE_IDENTIFIER = Samchenko.CovidTracker;
				PRODUCT_NAME = "$(TARGET_NAME)";
				SWIFT_EMIT_LOC_STRINGS = YES;
				SWIFT_VERSION = 5.0;
				TARGETED_DEVICE_FAMILY = "1,2";
			};
			name = Debug;
		};
		C44C38A526F8DDB4002DAECE /* Release */ = {
			isa = XCBuildConfiguration;
			baseConfigurationReference = 06313D73225E452AB21C63E9 /* Pods-CovidTracker.release.xcconfig */;
			buildSettings = {
				ASSETCATALOG_COMPILER_APPICON_NAME = AppIcon;
				ASSETCATALOG_COMPILER_GLOBAL_ACCENT_COLOR_NAME = AccentColor;
				CODE_SIGN_STYLE = Automatic;
				CURRENT_PROJECT_VERSION = 1;
				GENERATE_INFOPLIST_FILE = YES;
				INFOPLIST_FILE = CovidTracker/Info.plist;
				INFOPLIST_KEY_UIApplicationSupportsIndirectInputEvents = YES;
				INFOPLIST_KEY_UILaunchStoryboardName = LaunchScreen;
				INFOPLIST_KEY_UIMainStoryboardFile = Main;
				INFOPLIST_KEY_UISupportedInterfaceOrientations_iPad = "UIInterfaceOrientationPortrait UIInterfaceOrientationPortraitUpsideDown UIInterfaceOrientationLandscapeLeft UIInterfaceOrientationLandscapeRight";
				INFOPLIST_KEY_UISupportedInterfaceOrientations_iPhone = "UIInterfaceOrientationPortrait UIInterfaceOrientationLandscapeLeft UIInterfaceOrientationLandscapeRight";
				IPHONEOS_DEPLOYMENT_TARGET = 14.4;
				LD_RUNPATH_SEARCH_PATHS = (
					"$(inherited)",
					"@executable_path/Frameworks",
				);
				MARKETING_VERSION = 1.0;
				PRODUCT_BUNDLE_IDENTIFIER = Samchenko.CovidTracker;
				PRODUCT_NAME = "$(TARGET_NAME)";
				SWIFT_EMIT_LOC_STRINGS = YES;
				SWIFT_VERSION = 5.0;
				TARGETED_DEVICE_FAMILY = "1,2";
			};
			name = Release;
		};
/* End XCBuildConfiguration section */

/* Begin XCConfigurationList section */
		C44C388A26F8DDB1002DAECE /* Build configuration list for PBXProject "CovidTracker" */ = {
			isa = XCConfigurationList;
			buildConfigurations = (
				C44C38A126F8DDB4002DAECE /* Debug */,
				C44C38A226F8DDB4002DAECE /* Release */,
			);
			defaultConfigurationIsVisible = 0;
			defaultConfigurationName = Release;
		};
		C44C38A326F8DDB4002DAECE /* Build configuration list for PBXNativeTarget "CovidTracker" */ = {
			isa = XCConfigurationList;
			buildConfigurations = (
				C44C38A426F8DDB4002DAECE /* Debug */,
				C44C38A526F8DDB4002DAECE /* Release */,
			);
			defaultConfigurationIsVisible = 0;
			defaultConfigurationName = Release;
		};
/* End XCConfigurationList section */

/* Begin XCRemoteSwiftPackageReference section */
		C44C38D026FA7359002DAECE /* XCRemoteSwiftPackageReference "Charts" */ = {
			isa = XCRemoteSwiftPackageReference;
			repositoryURL = "https://github.com/danielgindi/Charts";
			requirement = {
				kind = upToNextMajorVersion;
				minimumVersion = 4.0.0;
			};
		};
/* End XCRemoteSwiftPackageReference section */
	};
	rootObject = C44C388726F8DDB1002DAECE /* Project object */;
}
